{
  "name": "advent-day7",
  "version": "1.0.0",
  "lockfileVersion": 1,
  "requires": true,
  "dependencies": {
    "@types/node": {
      "version": "8.0.56",
      "resolved": "https://registry.npmjs.org/@types/node/-/node-8.0.56.tgz",
      "integrity": "sha512-JAlQv3hUWbrnruuTiLDf1scd4F/TBT0LgGEe+BBeF3p/Rc3yL6RV57WJN2nK5i+BshEz1sDllwH0Fzbuo7G4QA==",
      "dev": true
    },
    "@types/ramda": {
      "version": "0.25.7",
      "resolved": "https://registry.npmjs.org/@types/ramda/-/ramda-0.25.7.tgz",
      "integrity": "sha512-YashOf76gXoYC7YDsB10aZDlKwMzYybaIs/4MzD9ZH6OmtdnE9AIs0M8UrDgX3Ougmmp9QG5HO3RR6/vZZ9tpw==",
      "dev": true
    },
    "ramda": {
      "version": "0.25.0",
      "resolved": "https://registry.npmjs.org/ramda/-/ramda-0.25.0.tgz",
      "integrity": "sha512-GXpfrYVPwx3K7RQ6aYT8KPS8XViSXUVJT1ONhoKPE9VAleW42YE+U+8VEyGWt41EnEQW7gwecYJriTI0pKoecQ=="
    }
  }
}
