{
  "name": "advent-day11",
  "version": "1.0.0",
  "lockfileVersion": 1,
  "requires": true,
  "dependencies": {
    "@types/node": {
      "version": "8.0.58",
      "resolved": "https://registry.npmjs.org/@types/node/-/node-8.0.58.tgz",
      "integrity": "sha512-V746iUU7eHNdzQipoACuguDlVhC7IHK8CES1jSkuFt352wwA84BCWPXaGekBd7R5XdNK5ReHONDVKxlL9IreAw==",
      "dev": true
    },
    "@types/ramda": {
      "version": "0.25.8",
      "resolved": "https://registry.npmjs.org/@types/ramda/-/ramda-0.25.8.tgz",
      "integrity": "sha512-xLU94I8bn8pBAKdntp67DgSfvyHYqMjzSbUguScMywqKbrthrfsJcZX8hpp1Ih29cvUWWm26cdYtV5A+eF0QFQ==",
      "dev": true
    },
    "ramda": {
      "version": "0.25.0",
      "resolved": "https://registry.npmjs.org/ramda/-/ramda-0.25.0.tgz",
      "integrity": "sha512-GXpfrYVPwx3K7RQ6aYT8KPS8XViSXUVJT1ONhoKPE9VAleW42YE+U+8VEyGWt41EnEQW7gwecYJriTI0pKoecQ=="
    }
  }
}
